// !$*UTF8*$!
{
	archiveVersion = 1;
	classes = {
	};
	objectVersion = 56;
	objects = {

/* Begin PBXBuildFile section */
		A2968DA02A5C1DAA0013B6DC /* AppDelegate.swift in Sources */ = {isa = PBXBuildFile; fileRef = A2968D9F2A5C1DAA0013B6DC /* AppDelegate.swift */; };
		A2968DA92A5C1DAB0013B6DC /* Assets.xcassets in Resources */ = {isa = PBXBuildFile; fileRef = A2968DA82A5C1DAB0013B6DC /* Assets.xcassets */; };
		A2968DAC2A5C1DAB0013B6DC /* LaunchScreen.storyboard in Resources */ = {isa = PBXBuildFile; fileRef = A2968DAA2A5C1DAB0013B6DC /* LaunchScreen.storyboard */; };
		A2968DB72A5C395D0013B6DC /* SceneDelegate.swift in Sources */ = {isa = PBXBuildFile; fileRef = A2968DB62A5C395D0013B6DC /* SceneDelegate.swift */; };
		A2968DBE2A5C410A0013B6DC /* SplashScreenViewController.swift in Sources */ = {isa = PBXBuildFile; fileRef = A2968DBD2A5C410A0013B6DC /* SplashScreenViewController.swift */; };
		A2968DC22A5C412D0013B6DC /* HomeViewController.swift in Sources */ = {isa = PBXBuildFile; fileRef = A2968DC02A5C412D0013B6DC /* HomeViewController.swift */; };
		A2968DC32A5C412D0013B6DC /* HomeViewController.xib in Resources */ = {isa = PBXBuildFile; fileRef = A2968DC12A5C412D0013B6DC /* HomeViewController.xib */; };
		A2968DC72A5C416C0013B6DC /* WeatherDetailsViewController.swift in Sources */ = {isa = PBXBuildFile; fileRef = A2968DC52A5C416C0013B6DC /* WeatherDetailsViewController.swift */; };
		A2968DC82A5C416C0013B6DC /* WeatherDetailsViewController.xib in Resources */ = {isa = PBXBuildFile; fileRef = A2968DC62A5C416C0013B6DC /* WeatherDetailsViewController.xib */; };
		A2968DCD2A5C41EF0013B6DC /* Localizable.strings in Resources */ = {isa = PBXBuildFile; fileRef = A2968DCC2A5C41EF0013B6DC /* Localizable.strings */; };
		A297A7142A5D0BA70049D6D2 /* SF-Pro-Text-Bold.otf in Resources */ = {isa = PBXBuildFile; fileRef = A297A7102A5D0BA70049D6D2 /* SF-Pro-Text-Bold.otf */; };
		A297A7152A5D0BA70049D6D2 /* SF-Pro-Text-Medium.otf in Resources */ = {isa = PBXBuildFile; fileRef = A297A7112A5D0BA70049D6D2 /* SF-Pro-Text-Medium.otf */; };
		A297A7162A5D0BA70049D6D2 /* SF-Pro-Text-Semibold.otf in Resources */ = {isa = PBXBuildFile; fileRef = A297A7122A5D0BA70049D6D2 /* SF-Pro-Text-Semibold.otf */; };
		A297A7172A5D0BA70049D6D2 /* SF-Pro-Text-Regular.otf in Resources */ = {isa = PBXBuildFile; fileRef = A297A7132A5D0BA70049D6D2 /* SF-Pro-Text-Regular.otf */; };
		A297A7192A5D0D520049D6D2 /* Colors.xcassets in Resources */ = {isa = PBXBuildFile; fileRef = A297A7182A5D0D520049D6D2 /* Colors.xcassets */; };
		A297A71B2A5D134D0049D6D2 /* R.generated.swift in Sources */ = {isa = PBXBuildFile; fileRef = A297A71A2A5D134D0049D6D2 /* R.generated.swift */; };
		A297A71D2A5D16550049D6D2 /* HomeViewModel.swift in Sources */ = {isa = PBXBuildFile; fileRef = A297A71C2A5D16550049D6D2 /* HomeViewModel.swift */; };
		A297A71F2A5D16670049D6D2 /* WeatherDetailsViewModel.swift in Sources */ = {isa = PBXBuildFile; fileRef = A297A71E2A5D16670049D6D2 /* WeatherDetailsViewModel.swift */; };
		A297A7212A5D18500049D6D2 /* RestService.swift in Sources */ = {isa = PBXBuildFile; fileRef = A297A7202A5D18500049D6D2 /* RestService.swift */; };
		A297A7252A5D2A0C0049D6D2 /* APIKey.swift in Sources */ = {isa = PBXBuildFile; fileRef = A297A7242A5D2A0C0049D6D2 /* APIKey.swift */; };
		A297A7272A5D777B0049D6D2 /* Location.swift in Sources */ = {isa = PBXBuildFile; fileRef = A297A7262A5D777B0049D6D2 /* Location.swift */; };
		A297A7292A5D783D0049D6D2 /* LocationRepository.swift in Sources */ = {isa = PBXBuildFile; fileRef = A297A7282A5D783D0049D6D2 /* LocationRepository.swift */; };
		A297A72D2A5D79400049D6D2 /* RestService+LocationExt.swift in Sources */ = {isa = PBXBuildFile; fileRef = A297A72C2A5D79400049D6D2 /* RestService+LocationExt.swift */; };
		A297A7302A5D7AB40049D6D2 /* GetAutocompleteRequest.swift in Sources */ = {isa = PBXBuildFile; fileRef = A297A72F2A5D7AB40049D6D2 /* GetAutocompleteRequest.swift */; };
		A297A7322A5D7B590049D6D2 /* GetAutocompleteParameters.swift in Sources */ = {isa = PBXBuildFile; fileRef = A297A7312A5D7B590049D6D2 /* GetAutocompleteParameters.swift */; };
		A297A7362A5E67D10049D6D2 /* Counrty.swift in Sources */ = {isa = PBXBuildFile; fileRef = A297A7352A5E67D10049D6D2 /* Counrty.swift */; };
		A2B966FB2A5FB9DE000DEC54 /* NibLoadable.swift in Sources */ = {isa = PBXBuildFile; fileRef = A2B966FA2A5FB9DE000DEC54 /* NibLoadable.swift */; };
		A2B966FE2A5FBC74000DEC54 /* AutocompletePopupView.swift in Sources */ = {isa = PBXBuildFile; fileRef = A2B966FD2A5FBC74000DEC54 /* AutocompletePopupView.swift */; };
		A2B967002A5FBCE4000DEC54 /* AutocompletePopupView.xib in Resources */ = {isa = PBXBuildFile; fileRef = A2B966FF2A5FBCE4000DEC54 /* AutocompletePopupView.xib */; };
		A2B967042A5FC275000DEC54 /* AutocompleteCell.swift in Sources */ = {isa = PBXBuildFile; fileRef = A2B967022A5FC275000DEC54 /* AutocompleteCell.swift */; };
		A2B967052A5FC275000DEC54 /* AutocompleteCell.xib in Resources */ = {isa = PBXBuildFile; fileRef = A2B967032A5FC275000DEC54 /* AutocompleteCell.xib */; };
		A2B967082A60107B000DEC54 /* UISearchBar + Ext.swift in Sources */ = {isa = PBXBuildFile; fileRef = A2B967072A60107B000DEC54 /* UISearchBar + Ext.swift */; };
		A2DA4F132A6106EC005CE349 /* WeatherDetails.swift in Sources */ = {isa = PBXBuildFile; fileRef = A2DA4F122A6106EC005CE349 /* WeatherDetails.swift */; };
		A2DA4F152A61082A005CE349 /* CurrentCoditions.swift in Sources */ = {isa = PBXBuildFile; fileRef = A2DA4F142A61082A005CE349 /* CurrentCoditions.swift */; };
		A2DA4F182A610B96005CE349 /* NetworkDefaults.swift in Sources */ = {isa = PBXBuildFile; fileRef = A2DA4F172A610B96005CE349 /* NetworkDefaults.swift */; };
		A2DA4F1A2A610E23005CE349 /* ConditionsRepository.swift in Sources */ = {isa = PBXBuildFile; fileRef = A2DA4F192A610E23005CE349 /* ConditionsRepository.swift */; };
		A2DA4F1D2A610EE4005CE349 /* RestService+ConditionsExt.swift in Sources */ = {isa = PBXBuildFile; fileRef = A2DA4F1C2A610EE4005CE349 /* RestService+ConditionsExt.swift */; };
		A2DA4F202A610F69005CE349 /* GetCurrentConditionsParameters.swift in Sources */ = {isa = PBXBuildFile; fileRef = A2DA4F1F2A610F69005CE349 /* GetCurrentConditionsParameters.swift */; };
		A2DA4F222A610FF6005CE349 /* GetCurrentConditionsRequest.swift in Sources */ = {isa = PBXBuildFile; fileRef = A2DA4F212A610FF6005CE349 /* GetCurrentConditionsRequest.swift */; };
		A2DA4F252A6129E7005CE349 /* ForecastRepository.swift in Sources */ = {isa = PBXBuildFile; fileRef = A2DA4F242A6129E7005CE349 /* ForecastRepository.swift */; };
		A2DA4F272A612A51005CE349 /* TodaysForecast.swift in Sources */ = {isa = PBXBuildFile; fileRef = A2DA4F262A612A51005CE349 /* TodaysForecast.swift */; };
		A2DA4F2A2A612C00005CE349 /* RestService+ForecastExt.swift in Sources */ = {isa = PBXBuildFile; fileRef = A2DA4F292A612C00005CE349 /* RestService+ForecastExt.swift */; };
		A2DA4F2E2A612C26005CE349 /* ForecastRemote.swift in Sources */ = {isa = PBXBuildFile; fileRef = A2DA4F2D2A612C26005CE349 /* ForecastRemote.swift */; };
		A2DA4F302A61589D005CE349 /* ForecastRequest.swift in Sources */ = {isa = PBXBuildFile; fileRef = A2DA4F2F2A61589D005CE349 /* ForecastRequest.swift */; };
		A2DA4F322A615937005CE349 /* ForecastParameters.swift in Sources */ = {isa = PBXBuildFile; fileRef = A2DA4F312A615937005CE349 /* ForecastParameters.swift */; };
		A466BB43E21548728AD76C59 /* Pods_Empik_Weather.framework in Frameworks */ = {isa = PBXBuildFile; fileRef = 1269B64C69E36A41AD8D8C8D /* Pods_Empik_Weather.framework */; };
/* End PBXBuildFile section */

/* Begin PBXFileReference section */
		1269B64C69E36A41AD8D8C8D /* Pods_Empik_Weather.framework */ = {isa = PBXFileReference; explicitFileType = wrapper.framework; includeInIndex = 0; path = Pods_Empik_Weather.framework; sourceTree = BUILT_PRODUCTS_DIR; };
		9B8B50AB8E69B681F53E1ECC /* Pods-Empik Weather.release.xcconfig */ = {isa = PBXFileReference; includeInIndex = 1; lastKnownFileType = text.xcconfig; name = "Pods-Empik Weather.release.xcconfig"; path = "Target Support Files/Pods-Empik Weather/Pods-Empik Weather.release.xcconfig"; sourceTree = "<group>"; };
		A2968D9C2A5C1DAA0013B6DC /* Empik Weather.app */ = {isa = PBXFileReference; explicitFileType = wrapper.application; includeInIndex = 0; path = "Empik Weather.app"; sourceTree = BUILT_PRODUCTS_DIR; };
		A2968D9F2A5C1DAA0013B6DC /* AppDelegate.swift */ = {isa = PBXFileReference; lastKnownFileType = sourcecode.swift; path = AppDelegate.swift; sourceTree = "<group>"; };
		A2968DA82A5C1DAB0013B6DC /* Assets.xcassets */ = {isa = PBXFileReference; lastKnownFileType = folder.assetcatalog; path = Assets.xcassets; sourceTree = "<group>"; };
		A2968DAB2A5C1DAB0013B6DC /* Base */ = {isa = PBXFileReference; lastKnownFileType = file.storyboard; name = Base; path = Base.lproj/LaunchScreen.storyboard; sourceTree = "<group>"; };
		A2968DAD2A5C1DAB0013B6DC /* Info.plist */ = {isa = PBXFileReference; lastKnownFileType = text.plist.xml; path = Info.plist; sourceTree = "<group>"; };
		A2968DB62A5C395D0013B6DC /* SceneDelegate.swift */ = {isa = PBXFileReference; fileEncoding = 4; lastKnownFileType = sourcecode.swift; path = SceneDelegate.swift; sourceTree = "<group>"; };
		A2968DBD2A5C410A0013B6DC /* SplashScreenViewController.swift */ = {isa = PBXFileReference; lastKnownFileType = sourcecode.swift; path = SplashScreenViewController.swift; sourceTree = "<group>"; };
		A2968DC02A5C412D0013B6DC /* HomeViewController.swift */ = {isa = PBXFileReference; lastKnownFileType = sourcecode.swift; path = HomeViewController.swift; sourceTree = "<group>"; };
		A2968DC12A5C412D0013B6DC /* HomeViewController.xib */ = {isa = PBXFileReference; lastKnownFileType = file.xib; path = HomeViewController.xib; sourceTree = "<group>"; };
		A2968DC52A5C416C0013B6DC /* WeatherDetailsViewController.swift */ = {isa = PBXFileReference; lastKnownFileType = sourcecode.swift; path = WeatherDetailsViewController.swift; sourceTree = "<group>"; };
		A2968DC62A5C416C0013B6DC /* WeatherDetailsViewController.xib */ = {isa = PBXFileReference; lastKnownFileType = file.xib; path = WeatherDetailsViewController.xib; sourceTree = "<group>"; };
		A2968DCC2A5C41EF0013B6DC /* Localizable.strings */ = {isa = PBXFileReference; lastKnownFileType = text.plist.strings; path = Localizable.strings; sourceTree = "<group>"; };
		A297A7102A5D0BA70049D6D2 /* SF-Pro-Text-Bold.otf */ = {isa = PBXFileReference; lastKnownFileType = file; path = "SF-Pro-Text-Bold.otf"; sourceTree = "<group>"; };
		A297A7112A5D0BA70049D6D2 /* SF-Pro-Text-Medium.otf */ = {isa = PBXFileReference; lastKnownFileType = file; path = "SF-Pro-Text-Medium.otf"; sourceTree = "<group>"; };
		A297A7122A5D0BA70049D6D2 /* SF-Pro-Text-Semibold.otf */ = {isa = PBXFileReference; lastKnownFileType = file; path = "SF-Pro-Text-Semibold.otf"; sourceTree = "<group>"; };
		A297A7132A5D0BA70049D6D2 /* SF-Pro-Text-Regular.otf */ = {isa = PBXFileReference; lastKnownFileType = file; path = "SF-Pro-Text-Regular.otf"; sourceTree = "<group>"; };
		A297A7182A5D0D520049D6D2 /* Colors.xcassets */ = {isa = PBXFileReference; lastKnownFileType = folder.assetcatalog; path = Colors.xcassets; sourceTree = "<group>"; };
		A297A71A2A5D134D0049D6D2 /* R.generated.swift */ = {isa = PBXFileReference; fileEncoding = 4; lastKnownFileType = sourcecode.swift; path = R.generated.swift; sourceTree = SOURCE_ROOT; };
		A297A71C2A5D16550049D6D2 /* HomeViewModel.swift */ = {isa = PBXFileReference; lastKnownFileType = sourcecode.swift; path = HomeViewModel.swift; sourceTree = "<group>"; };
		A297A71E2A5D16670049D6D2 /* WeatherDetailsViewModel.swift */ = {isa = PBXFileReference; lastKnownFileType = sourcecode.swift; path = WeatherDetailsViewModel.swift; sourceTree = "<group>"; };
		A297A7202A5D18500049D6D2 /* RestService.swift */ = {isa = PBXFileReference; lastKnownFileType = sourcecode.swift; path = RestService.swift; sourceTree = "<group>"; };
		A297A7242A5D2A0C0049D6D2 /* APIKey.swift */ = {isa = PBXFileReference; lastKnownFileType = sourcecode.swift; path = APIKey.swift; sourceTree = "<group>"; };
		A297A7262A5D777B0049D6D2 /* Location.swift */ = {isa = PBXFileReference; lastKnownFileType = sourcecode.swift; path = Location.swift; sourceTree = "<group>"; };
		A297A7282A5D783D0049D6D2 /* LocationRepository.swift */ = {isa = PBXFileReference; lastKnownFileType = sourcecode.swift; path = LocationRepository.swift; sourceTree = "<group>"; };
		A297A72C2A5D79400049D6D2 /* RestService+LocationExt.swift */ = {isa = PBXFileReference; lastKnownFileType = sourcecode.swift; path = "RestService+LocationExt.swift"; sourceTree = "<group>"; };
		A297A72F2A5D7AB40049D6D2 /* GetAutocompleteRequest.swift */ = {isa = PBXFileReference; lastKnownFileType = sourcecode.swift; path = GetAutocompleteRequest.swift; sourceTree = "<group>"; };
		A297A7312A5D7B590049D6D2 /* GetAutocompleteParameters.swift */ = {isa = PBXFileReference; lastKnownFileType = sourcecode.swift; path = GetAutocompleteParameters.swift; sourceTree = "<group>"; };
		A297A7352A5E67D10049D6D2 /* Counrty.swift */ = {isa = PBXFileReference; lastKnownFileType = sourcecode.swift; path = Counrty.swift; sourceTree = "<group>"; };
		A2B966FA2A5FB9DE000DEC54 /* NibLoadable.swift */ = {isa = PBXFileReference; lastKnownFileType = sourcecode.swift; path = NibLoadable.swift; sourceTree = "<group>"; };
		A2B966FD2A5FBC74000DEC54 /* AutocompletePopupView.swift */ = {isa = PBXFileReference; lastKnownFileType = sourcecode.swift; path = AutocompletePopupView.swift; sourceTree = "<group>"; };
		A2B966FF2A5FBCE4000DEC54 /* AutocompletePopupView.xib */ = {isa = PBXFileReference; lastKnownFileType = file.xib; path = AutocompletePopupView.xib; sourceTree = "<group>"; };
		A2B967022A5FC275000DEC54 /* AutocompleteCell.swift */ = {isa = PBXFileReference; lastKnownFileType = sourcecode.swift; path = AutocompleteCell.swift; sourceTree = "<group>"; };
		A2B967032A5FC275000DEC54 /* AutocompleteCell.xib */ = {isa = PBXFileReference; lastKnownFileType = file.xib; path = AutocompleteCell.xib; sourceTree = "<group>"; };
		A2B967072A60107B000DEC54 /* UISearchBar + Ext.swift */ = {isa = PBXFileReference; lastKnownFileType = sourcecode.swift; path = "UISearchBar + Ext.swift"; sourceTree = "<group>"; };
		A2DA4F122A6106EC005CE349 /* WeatherDetails.swift */ = {isa = PBXFileReference; lastKnownFileType = sourcecode.swift; path = WeatherDetails.swift; sourceTree = "<group>"; };
		A2DA4F142A61082A005CE349 /* CurrentCoditions.swift */ = {isa = PBXFileReference; lastKnownFileType = sourcecode.swift; path = CurrentCoditions.swift; sourceTree = "<group>"; };
		A2DA4F172A610B96005CE349 /* NetworkDefaults.swift */ = {isa = PBXFileReference; lastKnownFileType = sourcecode.swift; path = NetworkDefaults.swift; sourceTree = "<group>"; };
		A2DA4F192A610E23005CE349 /* ConditionsRepository.swift */ = {isa = PBXFileReference; lastKnownFileType = sourcecode.swift; path = ConditionsRepository.swift; sourceTree = "<group>"; };
		A2DA4F1C2A610EE4005CE349 /* RestService+ConditionsExt.swift */ = {isa = PBXFileReference; lastKnownFileType = sourcecode.swift; path = "RestService+ConditionsExt.swift"; sourceTree = "<group>"; };
		A2DA4F1F2A610F69005CE349 /* GetCurrentConditionsParameters.swift */ = {isa = PBXFileReference; lastKnownFileType = sourcecode.swift; path = GetCurrentConditionsParameters.swift; sourceTree = "<group>"; };
		A2DA4F212A610FF6005CE349 /* GetCurrentConditionsRequest.swift */ = {isa = PBXFileReference; lastKnownFileType = sourcecode.swift; path = GetCurrentConditionsRequest.swift; sourceTree = "<group>"; };
		A2DA4F242A6129E7005CE349 /* ForecastRepository.swift */ = {isa = PBXFileReference; lastKnownFileType = sourcecode.swift; path = ForecastRepository.swift; sourceTree = "<group>"; };
		A2DA4F262A612A51005CE349 /* TodaysForecast.swift */ = {isa = PBXFileReference; lastKnownFileType = sourcecode.swift; path = TodaysForecast.swift; sourceTree = "<group>"; };
		A2DA4F292A612C00005CE349 /* RestService+ForecastExt.swift */ = {isa = PBXFileReference; lastKnownFileType = sourcecode.swift; path = "RestService+ForecastExt.swift"; sourceTree = "<group>"; };
		A2DA4F2D2A612C26005CE349 /* ForecastRemote.swift */ = {isa = PBXFileReference; lastKnownFileType = sourcecode.swift; path = ForecastRemote.swift; sourceTree = "<group>"; };
		A2DA4F2F2A61589D005CE349 /* ForecastRequest.swift */ = {isa = PBXFileReference; lastKnownFileType = sourcecode.swift; path = ForecastRequest.swift; sourceTree = "<group>"; };
		A2DA4F312A615937005CE349 /* ForecastParameters.swift */ = {isa = PBXFileReference; lastKnownFileType = sourcecode.swift; path = ForecastParameters.swift; sourceTree = "<group>"; };
		EBDB8F1710D09179A0F7435B /* Pods-Empik Weather.debug.xcconfig */ = {isa = PBXFileReference; includeInIndex = 1; lastKnownFileType = text.xcconfig; name = "Pods-Empik Weather.debug.xcconfig"; path = "Target Support Files/Pods-Empik Weather/Pods-Empik Weather.debug.xcconfig"; sourceTree = "<group>"; };
/* End PBXFileReference section */

/* Begin PBXFrameworksBuildPhase section */
		A2968D992A5C1DAA0013B6DC /* Frameworks */ = {
			isa = PBXFrameworksBuildPhase;
			buildActionMask = 2147483647;
			files = (
				A466BB43E21548728AD76C59 /* Pods_Empik_Weather.framework in Frameworks */,
			);
			runOnlyForDeploymentPostprocessing = 0;
		};
/* End PBXFrameworksBuildPhase section */

/* Begin PBXGroup section */
		3E9C17FB14B58E66D823BD18 /* Pods */ = {
			isa = PBXGroup;
			children = (
				EBDB8F1710D09179A0F7435B /* Pods-Empik Weather.debug.xcconfig */,
				9B8B50AB8E69B681F53E1ECC /* Pods-Empik Weather.release.xcconfig */,
			);
			path = Pods;
			sourceTree = "<group>";
		};
		5B4E2A82160361C0FEC789E5 /* Frameworks */ = {
			isa = PBXGroup;
			children = (
				1269B64C69E36A41AD8D8C8D /* Pods_Empik_Weather.framework */,
			);
			name = Frameworks;
			sourceTree = "<group>";
		};
		A2968D932A5C1DAA0013B6DC = {
			isa = PBXGroup;
			children = (
				A2968D9E2A5C1DAA0013B6DC /* Empik Weather */,
				A2968D9D2A5C1DAA0013B6DC /* Products */,
				3E9C17FB14B58E66D823BD18 /* Pods */,
				5B4E2A82160361C0FEC789E5 /* Frameworks */,
			);
			sourceTree = "<group>";
		};
		A2968D9D2A5C1DAA0013B6DC /* Products */ = {
			isa = PBXGroup;
			children = (
				A2968D9C2A5C1DAA0013B6DC /* Empik Weather.app */,
			);
			name = Products;
			sourceTree = "<group>";
		};
		A2968D9E2A5C1DAA0013B6DC /* Empik Weather */ = {
			isa = PBXGroup;
			children = (
				A2968DC92A5C41850013B6DC /* DataSource */,
				A2968DCB2A5C41B20013B6DC /* Domain */,
				A2968DCA2A5C419F0013B6DC /* Utils */,
				A2968DBA2A5C40AE0013B6DC /* Scenes */,
				A2968DBB2A5C40B40013B6DC /* UI */,
				A2968DB82A5C40720013B6DC /* Resources */,
				A2968DB92A5C40820013B6DC /* Application */,
			);
			path = "Empik Weather";
			sourceTree = "<group>";
		};
		A2968DB82A5C40720013B6DC /* Resources */ = {
			isa = PBXGroup;
			children = (
				A297A70F2A5D0B620049D6D2 /* Fonts */,
				A2968DA82A5C1DAB0013B6DC /* Assets.xcassets */,
				A297A7182A5D0D520049D6D2 /* Colors.xcassets */,
			);
			path = Resources;
			sourceTree = "<group>";
		};
		A2968DB92A5C40820013B6DC /* Application */ = {
			isa = PBXGroup;
			children = (
				A2968D9F2A5C1DAA0013B6DC /* AppDelegate.swift */,
				A2968DB62A5C395D0013B6DC /* SceneDelegate.swift */,
				A2968DAA2A5C1DAB0013B6DC /* LaunchScreen.storyboard */,
				A2968DCC2A5C41EF0013B6DC /* Localizable.strings */,
				A297A71A2A5D134D0049D6D2 /* R.generated.swift */,
				A2968DAD2A5C1DAB0013B6DC /* Info.plist */,
			);
			path = Application;
			sourceTree = "<group>";
		};
		A2968DBA2A5C40AE0013B6DC /* Scenes */ = {
			isa = PBXGroup;
			children = (
				A2968DBC2A5C40C60013B6DC /* SplashScreen */,
				A2968DBF2A5C41190013B6DC /* HomeScene */,
				A2968DC42A5C413E0013B6DC /* WeatherDetailsScene */,
			);
			path = Scenes;
			sourceTree = "<group>";
		};
		A2968DBB2A5C40B40013B6DC /* UI */ = {
			isa = PBXGroup;
			children = (
				A2B966FC2A5FBC43000DEC54 /* AutocompletePopup */,
				A2B967012A5FC24F000DEC54 /* AutocompleteCell */,
			);
			path = UI;
			sourceTree = "<group>";
		};
		A2968DBC2A5C40C60013B6DC /* SplashScreen */ = {
			isa = PBXGroup;
			children = (
				A2968DBD2A5C410A0013B6DC /* SplashScreenViewController.swift */,
			);
			path = SplashScreen;
			sourceTree = "<group>";
		};
		A2968DBF2A5C41190013B6DC /* HomeScene */ = {
			isa = PBXGroup;
			children = (
				A2968DC02A5C412D0013B6DC /* HomeViewController.swift */,
				A2968DC12A5C412D0013B6DC /* HomeViewController.xib */,
				A297A71C2A5D16550049D6D2 /* HomeViewModel.swift */,
			);
			path = HomeScene;
			sourceTree = "<group>";
		};
		A2968DC42A5C413E0013B6DC /* WeatherDetailsScene */ = {
			isa = PBXGroup;
			children = (
				A2968DC52A5C416C0013B6DC /* WeatherDetailsViewController.swift */,
				A2968DC62A5C416C0013B6DC /* WeatherDetailsViewController.xib */,
				A297A71E2A5D16670049D6D2 /* WeatherDetailsViewModel.swift */,
			);
			path = WeatherDetailsScene;
			sourceTree = "<group>";
		};
		A2968DC92A5C41850013B6DC /* DataSource */ = {
			isa = PBXGroup;
			children = (
				A297A7242A5D2A0C0049D6D2 /* APIKey.swift */,
				A2DA4F172A610B96005CE349 /* NetworkDefaults.swift */,
				A297A7202A5D18500049D6D2 /* RestService.swift */,
				A297A72A2A5D78D60049D6D2 /* Location */,
				A2DA4F162A6108D2005CE349 /* CurrentConditions */,
				A2DA4F232A612820005CE349 /* Forecast */,
			);
			path = DataSource;
			sourceTree = "<group>";
		};
		A2968DCA2A5C419F0013B6DC /* Utils */ = {
			isa = PBXGroup;
			children = (
				A2B966F92A5FB9C2000DEC54 /* Protocols */,
				A2B967062A601056000DEC54 /* Extensions */,
			);
			path = Utils;
			sourceTree = "<group>";
		};
		A2968DCB2A5C41B20013B6DC /* Domain */ = {
			isa = PBXGroup;
			children = (
				A297A7262A5D777B0049D6D2 /* Location.swift */,
				A297A7352A5E67D10049D6D2 /* Counrty.swift */,
				A2DA4F122A6106EC005CE349 /* WeatherDetails.swift */,
				A2DA4F142A61082A005CE349 /* CurrentCoditions.swift */,
				A2DA4F262A612A51005CE349 /* TodaysForecast.swift */,
			);
			path = Domain;
			sourceTree = "<group>";
		};
		A297A70F2A5D0B620049D6D2 /* Fonts */ = {
			isa = PBXGroup;
			children = (
				A297A7102A5D0BA70049D6D2 /* SF-Pro-Text-Bold.otf */,
				A297A7112A5D0BA70049D6D2 /* SF-Pro-Text-Medium.otf */,
				A297A7132A5D0BA70049D6D2 /* SF-Pro-Text-Regular.otf */,
				A297A7122A5D0BA70049D6D2 /* SF-Pro-Text-Semibold.otf */,
			);
			path = Fonts;
			sourceTree = "<group>";
		};
		A297A72A2A5D78D60049D6D2 /* Location */ = {
			isa = PBXGroup;
			children = (
				A297A72B2A5D790C0049D6D2 /* Remote */,
				A297A7282A5D783D0049D6D2 /* LocationRepository.swift */,
			);
			path = Location;
			sourceTree = "<group>";
		};
		A297A72B2A5D790C0049D6D2 /* Remote */ = {
			isa = PBXGroup;
			children = (
				A297A72E2A5D7A960049D6D2 /* Request */,
				A297A72C2A5D79400049D6D2 /* RestService+LocationExt.swift */,
			);
			path = Remote;
			sourceTree = "<group>";
		};
		A297A72E2A5D7A960049D6D2 /* Request */ = {
			isa = PBXGroup;
			children = (
				A297A72F2A5D7AB40049D6D2 /* GetAutocompleteRequest.swift */,
				A297A7312A5D7B590049D6D2 /* GetAutocompleteParameters.swift */,
			);
			path = Request;
			sourceTree = "<group>";
		};
		A2B966F92A5FB9C2000DEC54 /* Protocols */ = {
			isa = PBXGroup;
			children = (
				A2B966FA2A5FB9DE000DEC54 /* NibLoadable.swift */,
			);
			path = Protocols;
			sourceTree = "<group>";
		};
		A2B966FC2A5FBC43000DEC54 /* AutocompletePopup */ = {
			isa = PBXGroup;
			children = (
				A2B966FD2A5FBC74000DEC54 /* AutocompletePopupView.swift */,
				A2B966FF2A5FBCE4000DEC54 /* AutocompletePopupView.xib */,
			);
			path = AutocompletePopup;
			sourceTree = "<group>";
		};
		A2B967012A5FC24F000DEC54 /* AutocompleteCell */ = {
			isa = PBXGroup;
			children = (
				A2B967022A5FC275000DEC54 /* AutocompleteCell.swift */,
				A2B967032A5FC275000DEC54 /* AutocompleteCell.xib */,
			);
			path = AutocompleteCell;
			sourceTree = "<group>";
		};
		A2B967062A601056000DEC54 /* Extensions */ = {
			isa = PBXGroup;
			children = (
				A2B967072A60107B000DEC54 /* UISearchBar + Ext.swift */,
			);
			path = Extensions;
			sourceTree = "<group>";
		};
		A2DA4F162A6108D2005CE349 /* CurrentConditions */ = {
			isa = PBXGroup;
			children = (
				A2DA4F1B2A610EBE005CE349 /* Remote */,
				A2DA4F192A610E23005CE349 /* ConditionsRepository.swift */,
			);
			path = CurrentConditions;
			sourceTree = "<group>";
		};
		A2DA4F1B2A610EBE005CE349 /* Remote */ = {
			isa = PBXGroup;
			children = (
				A2DA4F1E2A610F44005CE349 /* Request */,
				A2DA4F1C2A610EE4005CE349 /* RestService+ConditionsExt.swift */,
			);
			path = Remote;
			sourceTree = "<group>";
		};
		A2DA4F1E2A610F44005CE349 /* Request */ = {
			isa = PBXGroup;
			children = (
				A2DA4F212A610FF6005CE349 /* GetCurrentConditionsRequest.swift */,
				A2DA4F1F2A610F69005CE349 /* GetCurrentConditionsParameters.swift */,
			);
			path = Request;
			sourceTree = "<group>";
		};
		A2DA4F232A612820005CE349 /* Forecast */ = {
			isa = PBXGroup;
			children = (
				A2DA4F282A612BE5005CE349 /* Remote */,
				A2DA4F242A6129E7005CE349 /* ForecastRepository.swift */,
			);
			path = Forecast;
			sourceTree = "<group>";
		};
		A2DA4F282A612BE5005CE349 /* Remote */ = {
			isa = PBXGroup;
			children = (
				A2DA4F2B2A612C0D005CE349 /* Request */,
				A2DA4F2C2A612C14005CE349 /* Model */,
				A2DA4F292A612C00005CE349 /* RestService+ForecastExt.swift */,
			);
			path = Remote;
			sourceTree = "<group>";
		};
		A2DA4F2B2A612C0D005CE349 /* Request */ = {
			isa = PBXGroup;
			children = (
				A2DA4F2F2A61589D005CE349 /* ForecastRequest.swift */,
				A2DA4F312A615937005CE349 /* ForecastParameters.swift */,
			);
			path = Request;
			sourceTree = "<group>";
		};
		A2DA4F2C2A612C14005CE349 /* Model */ = {
			isa = PBXGroup;
			children = (
				A2DA4F2D2A612C26005CE349 /* ForecastRemote.swift */,
			);
			path = Model;
			sourceTree = "<group>";
		};
/* End PBXGroup section */

/* Begin PBXNativeTarget section */
		A2968D9B2A5C1DAA0013B6DC /* Empik Weather */ = {
			isa = PBXNativeTarget;
			buildConfigurationList = A2968DB02A5C1DAB0013B6DC /* Build configuration list for PBXNativeTarget "Empik Weather" */;
			buildPhases = (
				7FAAC509C400EECDEC559B14 /* [CP] Check Pods Manifest.lock */,
				A2968DB32A5C24FF0013B6DC /* ShellScript */,
				A2968D982A5C1DAA0013B6DC /* Sources */,
				A2968D992A5C1DAA0013B6DC /* Frameworks */,
				A2968D9A2A5C1DAA0013B6DC /* Resources */,
				DEF501B0173BAA8B0C00369A /* [CP] Embed Pods Frameworks */,
			);
			buildRules = (
			);
			dependencies = (
			);
			name = "Empik Weather";
			productName = "Empik Weather";
			productReference = A2968D9C2A5C1DAA0013B6DC /* Empik Weather.app */;
			productType = "com.apple.product-type.application";
		};
/* End PBXNativeTarget section */

/* Begin PBXProject section */
		A2968D942A5C1DAA0013B6DC /* Project object */ = {
			isa = PBXProject;
			attributes = {
				BuildIndependentTargetsInParallel = 1;
				LastSwiftUpdateCheck = 1430;
				LastUpgradeCheck = 1430;
				TargetAttributes = {
					A2968D9B2A5C1DAA0013B6DC = {
						CreatedOnToolsVersion = 14.3.1;
					};
				};
			};
			buildConfigurationList = A2968D972A5C1DAA0013B6DC /* Build configuration list for PBXProject "Empik Weather" */;
			compatibilityVersion = "Xcode 14.0";
			developmentRegion = en;
			hasScannedForEncodings = 0;
			knownRegions = (
				en,
				Base,
			);
			mainGroup = A2968D932A5C1DAA0013B6DC;
			productRefGroup = A2968D9D2A5C1DAA0013B6DC /* Products */;
			projectDirPath = "";
			projectRoot = "";
			targets = (
				A2968D9B2A5C1DAA0013B6DC /* Empik Weather */,
			);
		};
/* End PBXProject section */

/* Begin PBXResourcesBuildPhase section */
		A2968D9A2A5C1DAA0013B6DC /* Resources */ = {
			isa = PBXResourcesBuildPhase;
			buildActionMask = 2147483647;
			files = (
				A2968DCD2A5C41EF0013B6DC /* Localizable.strings in Resources */,
				A2968DC82A5C416C0013B6DC /* WeatherDetailsViewController.xib in Resources */,
				A297A7142A5D0BA70049D6D2 /* SF-Pro-Text-Bold.otf in Resources */,
				A2B967052A5FC275000DEC54 /* AutocompleteCell.xib in Resources */,
				A2968DAC2A5C1DAB0013B6DC /* LaunchScreen.storyboard in Resources */,
				A297A7162A5D0BA70049D6D2 /* SF-Pro-Text-Semibold.otf in Resources */,
				A297A7192A5D0D520049D6D2 /* Colors.xcassets in Resources */,
				A2968DA92A5C1DAB0013B6DC /* Assets.xcassets in Resources */,
				A2B967002A5FBCE4000DEC54 /* AutocompletePopupView.xib in Resources */,
				A297A7172A5D0BA70049D6D2 /* SF-Pro-Text-Regular.otf in Resources */,
				A297A7152A5D0BA70049D6D2 /* SF-Pro-Text-Medium.otf in Resources */,
				A2968DC32A5C412D0013B6DC /* HomeViewController.xib in Resources */,
			);
			runOnlyForDeploymentPostprocessing = 0;
		};
/* End PBXResourcesBuildPhase section */

/* Begin PBXShellScriptBuildPhase section */
		7FAAC509C400EECDEC559B14 /* [CP] Check Pods Manifest.lock */ = {
			isa = PBXShellScriptBuildPhase;
			buildActionMask = 2147483647;
			files = (
			);
			inputFileListPaths = (
			);
			inputPaths = (
				"${PODS_PODFILE_DIR_PATH}/Podfile.lock",
				"${PODS_ROOT}/Manifest.lock",
			);
			name = "[CP] Check Pods Manifest.lock";
			outputFileListPaths = (
			);
			outputPaths = (
				"$(DERIVED_FILE_DIR)/Pods-Empik Weather-checkManifestLockResult.txt",
			);
			runOnlyForDeploymentPostprocessing = 0;
			shellPath = /bin/sh;
			shellScript = "diff \"${PODS_PODFILE_DIR_PATH}/Podfile.lock\" \"${PODS_ROOT}/Manifest.lock\" > /dev/null\nif [ $? != 0 ] ; then\n    # print error to STDERR\n    echo \"error: The sandbox is not in sync with the Podfile.lock. Run 'pod install' or update your CocoaPods installation.\" >&2\n    exit 1\nfi\n# This output is used by Xcode 'outputs' to avoid re-running this script phase.\necho \"SUCCESS\" > \"${SCRIPT_OUTPUT_FILE_0}\"\n";
			showEnvVarsInLog = 0;
		};
		A2968DB32A5C24FF0013B6DC /* ShellScript */ = {
			isa = PBXShellScriptBuildPhase;
			alwaysOutOfDate = 1;
			buildActionMask = 2147483647;
			files = (
			);
			inputFileListPaths = (
			);
			inputPaths = (
			);
			outputFileListPaths = (
			);
			outputPaths = (
				$SRCROOT/R.generated.swift,
			);
			runOnlyForDeploymentPostprocessing = 0;
			shellPath = /bin/sh;
			shellScript = "\"$PODS_ROOT/R.swift/rswift\" generate \"$SRCROOT/R.generated.swift\"\n";
		};
		DEF501B0173BAA8B0C00369A /* [CP] Embed Pods Frameworks */ = {
			isa = PBXShellScriptBuildPhase;
			buildActionMask = 2147483647;
			files = (
			);
			inputFileListPaths = (
				"${PODS_ROOT}/Target Support Files/Pods-Empik Weather/Pods-Empik Weather-frameworks-${CONFIGURATION}-input-files.xcfilelist",
			);
			name = "[CP] Embed Pods Frameworks";
			outputFileListPaths = (
				"${PODS_ROOT}/Target Support Files/Pods-Empik Weather/Pods-Empik Weather-frameworks-${CONFIGURATION}-output-files.xcfilelist",
			);
			runOnlyForDeploymentPostprocessing = 0;
			shellPath = /bin/sh;
			shellScript = "\"${PODS_ROOT}/Target Support Files/Pods-Empik Weather/Pods-Empik Weather-frameworks.sh\"\n";
			showEnvVarsInLog = 0;
		};
/* End PBXShellScriptBuildPhase section */

/* Begin PBXSourcesBuildPhase section */
		A2968D982A5C1DAA0013B6DC /* Sources */ = {
			isa = PBXSourcesBuildPhase;
			buildActionMask = 2147483647;
			files = (
				A297A7322A5D7B590049D6D2 /* GetAutocompleteParameters.swift in Sources */,
				A2B966FB2A5FB9DE000DEC54 /* NibLoadable.swift in Sources */,
				A297A7292A5D783D0049D6D2 /* LocationRepository.swift in Sources */,
				A2DA4F182A610B96005CE349 /* NetworkDefaults.swift in Sources */,
				A2968DC22A5C412D0013B6DC /* HomeViewController.swift in Sources */,
				A297A7272A5D777B0049D6D2 /* Location.swift in Sources */,
				A2B966FE2A5FBC74000DEC54 /* AutocompletePopupView.swift in Sources */,
				A297A72D2A5D79400049D6D2 /* RestService+LocationExt.swift in Sources */,
				A2DA4F202A610F69005CE349 /* GetCurrentConditionsParameters.swift in Sources */,
				A2DA4F1D2A610EE4005CE349 /* RestService+ConditionsExt.swift in Sources */,
				A2968DA02A5C1DAA0013B6DC /* AppDelegate.swift in Sources */,
				A297A7212A5D18500049D6D2 /* RestService.swift in Sources */,
				A2B967042A5FC275000DEC54 /* AutocompleteCell.swift in Sources */,
				A297A71F2A5D16670049D6D2 /* WeatherDetailsViewModel.swift in Sources */,
				A2DA4F252A6129E7005CE349 /* ForecastRepository.swift in Sources */,
				A297A7252A5D2A0C0049D6D2 /* APIKey.swift in Sources */,
				A2DA4F302A61589D005CE349 /* ForecastRequest.swift in Sources */,
				A2DA4F2A2A612C00005CE349 /* RestService+ForecastExt.swift in Sources */,
				A297A71D2A5D16550049D6D2 /* HomeViewModel.swift in Sources */,
				A2DA4F132A6106EC005CE349 /* WeatherDetails.swift in Sources */,
				A2DA4F322A615937005CE349 /* ForecastParameters.swift in Sources */,
				A2DA4F1A2A610E23005CE349 /* ConditionsRepository.swift in Sources */,
				A2DA4F152A61082A005CE349 /* CurrentCoditions.swift in Sources */,
				A2DA4F272A612A51005CE349 /* TodaysForecast.swift in Sources */,
				A2968DC72A5C416C0013B6DC /* WeatherDetailsViewController.swift in Sources */,
				A297A7302A5D7AB40049D6D2 /* GetAutocompleteRequest.swift in Sources */,
				A2B967082A60107B000DEC54 /* UISearchBar + Ext.swift in Sources */,
				A297A7362A5E67D10049D6D2 /* Counrty.swift in Sources */,
				A2DA4F2E2A612C26005CE349 /* ForecastRemote.swift in Sources */,
				A2968DBE2A5C410A0013B6DC /* SplashScreenViewController.swift in Sources */,
				A2DA4F222A610FF6005CE349 /* GetCurrentConditionsRequest.swift in Sources */,
				A2968DB72A5C395D0013B6DC /* SceneDelegate.swift in Sources */,
				A297A71B2A5D134D0049D6D2 /* R.generated.swift in Sources */,
			);
			runOnlyForDeploymentPostprocessing = 0;
		};
/* End PBXSourcesBuildPhase section */

/* Begin PBXVariantGroup section */
		A2968DAA2A5C1DAB0013B6DC /* LaunchScreen.storyboard */ = {
			isa = PBXVariantGroup;
			children = (
				A2968DAB2A5C1DAB0013B6DC /* Base */,
			);
			name = LaunchScreen.storyboard;
			sourceTree = "<group>";
		};
/* End PBXVariantGroup section */

/* Begin XCBuildConfiguration section */
		A2968DAE2A5C1DAB0013B6DC /* Debug */ = {
			isa = XCBuildConfiguration;
			buildSettings = {
				ALWAYS_SEARCH_USER_PATHS = NO;
				CLANG_ANALYZER_NONNULL = YES;
				CLANG_ANALYZER_NUMBER_OBJECT_CONVERSION = YES_AGGRESSIVE;
				CLANG_CXX_LANGUAGE_STANDARD = "gnu++20";
				CLANG_ENABLE_MODULES = YES;
				CLANG_ENABLE_OBJC_ARC = YES;
				CLANG_ENABLE_OBJC_WEAK = YES;
				CLANG_WARN_BLOCK_CAPTURE_AUTORELEASING = YES;
				CLANG_WARN_BOOL_CONVERSION = YES;
				CLANG_WARN_COMMA = YES;
				CLANG_WARN_CONSTANT_CONVERSION = YES;
				CLANG_WARN_DEPRECATED_OBJC_IMPLEMENTATIONS = YES;
				CLANG_WARN_DIRECT_OBJC_ISA_USAGE = YES_ERROR;
				CLANG_WARN_DOCUMENTATION_COMMENTS = YES;
				CLANG_WARN_EMPTY_BODY = YES;
				CLANG_WARN_ENUM_CONVERSION = YES;
				CLANG_WARN_INFINITE_RECURSION = YES;
				CLANG_WARN_INT_CONVERSION = YES;
				CLANG_WARN_NON_LITERAL_NULL_CONVERSION = YES;
				CLANG_WARN_OBJC_IMPLICIT_RETAIN_SELF = YES;
				CLANG_WARN_OBJC_LITERAL_CONVERSION = YES;
				CLANG_WARN_OBJC_ROOT_CLASS = YES_ERROR;
				CLANG_WARN_QUOTED_INCLUDE_IN_FRAMEWORK_HEADER = YES;
				CLANG_WARN_RANGE_LOOP_ANALYSIS = YES;
				CLANG_WARN_STRICT_PROTOTYPES = YES;
				CLANG_WARN_SUSPICIOUS_MOVE = YES;
				CLANG_WARN_UNGUARDED_AVAILABILITY = YES_AGGRESSIVE;
				CLANG_WARN_UNREACHABLE_CODE = YES;
				CLANG_WARN__DUPLICATE_METHOD_MATCH = YES;
				COPY_PHASE_STRIP = NO;
				DEBUG_INFORMATION_FORMAT = dwarf;
				ENABLE_STRICT_OBJC_MSGSEND = YES;
				ENABLE_TESTABILITY = YES;
				GCC_C_LANGUAGE_STANDARD = gnu11;
				GCC_DYNAMIC_NO_PIC = NO;
				GCC_NO_COMMON_BLOCKS = YES;
				GCC_OPTIMIZATION_LEVEL = 0;
				GCC_PREPROCESSOR_DEFINITIONS = (
					"DEBUG=1",
					"$(inherited)",
				);
				GCC_WARN_64_TO_32_BIT_CONVERSION = YES;
				GCC_WARN_ABOUT_RETURN_TYPE = YES_ERROR;
				GCC_WARN_UNDECLARED_SELECTOR = YES;
				GCC_WARN_UNINITIALIZED_AUTOS = YES_AGGRESSIVE;
				GCC_WARN_UNUSED_FUNCTION = YES;
				GCC_WARN_UNUSED_VARIABLE = YES;
				IPHONEOS_DEPLOYMENT_TARGET = 16.4;
				MTL_ENABLE_DEBUG_INFO = INCLUDE_SOURCE;
				MTL_FAST_MATH = YES;
				ONLY_ACTIVE_ARCH = YES;
				SDKROOT = iphoneos;
				SWIFT_ACTIVE_COMPILATION_CONDITIONS = DEBUG;
				SWIFT_OPTIMIZATION_LEVEL = "-Onone";
			};
			name = Debug;
		};
		A2968DAF2A5C1DAB0013B6DC /* Release */ = {
			isa = XCBuildConfiguration;
			buildSettings = {
				ALWAYS_SEARCH_USER_PATHS = NO;
				CLANG_ANALYZER_NONNULL = YES;
				CLANG_ANALYZER_NUMBER_OBJECT_CONVERSION = YES_AGGRESSIVE;
				CLANG_CXX_LANGUAGE_STANDARD = "gnu++20";
				CLANG_ENABLE_MODULES = YES;
				CLANG_ENABLE_OBJC_ARC = YES;
				CLANG_ENABLE_OBJC_WEAK = YES;
				CLANG_WARN_BLOCK_CAPTURE_AUTORELEASING = YES;
				CLANG_WARN_BOOL_CONVERSION = YES;
				CLANG_WARN_COMMA = YES;
				CLANG_WARN_CONSTANT_CONVERSION = YES;
				CLANG_WARN_DEPRECATED_OBJC_IMPLEMENTATIONS = YES;
				CLANG_WARN_DIRECT_OBJC_ISA_USAGE = YES_ERROR;
				CLANG_WARN_DOCUMENTATION_COMMENTS = YES;
				CLANG_WARN_EMPTY_BODY = YES;
				CLANG_WARN_ENUM_CONVERSION = YES;
				CLANG_WARN_INFINITE_RECURSION = YES;
				CLANG_WARN_INT_CONVERSION = YES;
				CLANG_WARN_NON_LITERAL_NULL_CONVERSION = YES;
				CLANG_WARN_OBJC_IMPLICIT_RETAIN_SELF = YES;
				CLANG_WARN_OBJC_LITERAL_CONVERSION = YES;
				CLANG_WARN_OBJC_ROOT_CLASS = YES_ERROR;
				CLANG_WARN_QUOTED_INCLUDE_IN_FRAMEWORK_HEADER = YES;
				CLANG_WARN_RANGE_LOOP_ANALYSIS = YES;
				CLANG_WARN_STRICT_PROTOTYPES = YES;
				CLANG_WARN_SUSPICIOUS_MOVE = YES;
				CLANG_WARN_UNGUARDED_AVAILABILITY = YES_AGGRESSIVE;
				CLANG_WARN_UNREACHABLE_CODE = YES;
				CLANG_WARN__DUPLICATE_METHOD_MATCH = YES;
				COPY_PHASE_STRIP = NO;
				DEBUG_INFORMATION_FORMAT = "dwarf-with-dsym";
				ENABLE_NS_ASSERTIONS = NO;
				ENABLE_STRICT_OBJC_MSGSEND = YES;
				GCC_C_LANGUAGE_STANDARD = gnu11;
				GCC_NO_COMMON_BLOCKS = YES;
				GCC_WARN_64_TO_32_BIT_CONVERSION = YES;
				GCC_WARN_ABOUT_RETURN_TYPE = YES_ERROR;
				GCC_WARN_UNDECLARED_SELECTOR = YES;
				GCC_WARN_UNINITIALIZED_AUTOS = YES_AGGRESSIVE;
				GCC_WARN_UNUSED_FUNCTION = YES;
				GCC_WARN_UNUSED_VARIABLE = YES;
				IPHONEOS_DEPLOYMENT_TARGET = 16.4;
				MTL_ENABLE_DEBUG_INFO = NO;
				MTL_FAST_MATH = YES;
				SDKROOT = iphoneos;
				SWIFT_COMPILATION_MODE = wholemodule;
				SWIFT_OPTIMIZATION_LEVEL = "-O";
				VALIDATE_PRODUCT = YES;
			};
			name = Release;
		};
		A2968DB12A5C1DAB0013B6DC /* Debug */ = {
			isa = XCBuildConfiguration;
			baseConfigurationReference = EBDB8F1710D09179A0F7435B /* Pods-Empik Weather.debug.xcconfig */;
			buildSettings = {
				ASSETCATALOG_COMPILER_APPICON_NAME = AppIcon;
				CODE_SIGN_STYLE = Automatic;
				CURRENT_PROJECT_VERSION = 1;
				DEVELOPMENT_TEAM = F75Y2M3DZF;
				GENERATE_INFOPLIST_FILE = YES;
				INFOPLIST_FILE = "Empik Weather/Application/Info.plist";
				INFOPLIST_KEY_UIApplicationSupportsIndirectInputEvents = YES;
				INFOPLIST_KEY_UILaunchStoryboardName = LaunchScreen;
				INFOPLIST_KEY_UISupportedInterfaceOrientations = UIInterfaceOrientationPortrait;
				INFOPLIST_KEY_UISupportedInterfaceOrientations_iPad = "UIInterfaceOrientationLandscapeLeft UIInterfaceOrientationLandscapeRight UIInterfaceOrientationPortrait UIInterfaceOrientationPortraitUpsideDown";
				IPHONEOS_DEPLOYMENT_TARGET = 11.0;
				LD_RUNPATH_SEARCH_PATHS = (
					"$(inherited)",
					"@executable_path/Frameworks",
				);
				MARKETING_VERSION = 1.0;
				PRODUCT_BUNDLE_IDENTIFIER = "com.AE.Empik-Weather";
				PRODUCT_NAME = "$(TARGET_NAME)";
				SUPPORTED_PLATFORMS = "iphoneos iphonesimulator";
				SUPPORTS_MACCATALYST = NO;
				SUPPORTS_MAC_DESIGNED_FOR_IPHONE_IPAD = NO;
				SWIFT_EMIT_LOC_STRINGS = YES;
				SWIFT_VERSION = 5.0;
				TARGETED_DEVICE_FAMILY = 1;
			};
			name = Debug;
		};
		A2968DB22A5C1DAB0013B6DC /* Release */ = {
			isa = XCBuildConfiguration;
			baseConfigurationReference = 9B8B50AB8E69B681F53E1ECC /* Pods-Empik Weather.release.xcconfig */;
			buildSettings = {
				ASSETCATALOG_COMPILER_APPICON_NAME = AppIcon;
				CODE_SIGN_STYLE = Automatic;
				CURRENT_PROJECT_VERSION = 1;
				DEVELOPMENT_TEAM = F75Y2M3DZF;
				GENERATE_INFOPLIST_FILE = YES;
				INFOPLIST_FILE = "Empik Weather/Application/Info.plist";
				INFOPLIST_KEY_UIApplicationSupportsIndirectInputEvents = YES;
				INFOPLIST_KEY_UILaunchStoryboardName = LaunchScreen;
				INFOPLIST_KEY_UISupportedInterfaceOrientations = UIInterfaceOrientationPortrait;
				INFOPLIST_KEY_UISupportedInterfaceOrientations_iPad = "UIInterfaceOrientationLandscapeLeft UIInterfaceOrientationLandscapeRight UIInterfaceOrientationPortrait UIInterfaceOrientationPortraitUpsideDown";
				IPHONEOS_DEPLOYMENT_TARGET = 11.0;
				LD_RUNPATH_SEARCH_PATHS = (
					"$(inherited)",
					"@executable_path/Frameworks",
				);
				MARKETING_VERSION = 1.0;
				PRODUCT_BUNDLE_IDENTIFIER = "com.AE.Empik-Weather";
				PRODUCT_NAME = "$(TARGET_NAME)";
				SUPPORTED_PLATFORMS = "iphoneos iphonesimulator";
				SUPPORTS_MACCATALYST = NO;
				SUPPORTS_MAC_DESIGNED_FOR_IPHONE_IPAD = NO;
				SWIFT_EMIT_LOC_STRINGS = YES;
				SWIFT_VERSION = 5.0;
				TARGETED_DEVICE_FAMILY = 1;
			};
			name = Release;
		};
/* End XCBuildConfiguration section */

/* Begin XCConfigurationList section */
		A2968D972A5C1DAA0013B6DC /* Build configuration list for PBXProject "Empik Weather" */ = {
			isa = XCConfigurationList;
			buildConfigurations = (
				A2968DAE2A5C1DAB0013B6DC /* Debug */,
				A2968DAF2A5C1DAB0013B6DC /* Release */,
			);
			defaultConfigurationIsVisible = 0;
			defaultConfigurationName = Release;
		};
		A2968DB02A5C1DAB0013B6DC /* Build configuration list for PBXNativeTarget "Empik Weather" */ = {
			isa = XCConfigurationList;
			buildConfigurations = (
				A2968DB12A5C1DAB0013B6DC /* Debug */,
				A2968DB22A5C1DAB0013B6DC /* Release */,
			);
			defaultConfigurationIsVisible = 0;
			defaultConfigurationName = Release;
		};
/* End XCConfigurationList section */
	};
	rootObject = A2968D942A5C1DAA0013B6DC /* Project object */;
}
